Microsoft Visual Studio Solution File, Format Version 12.00
# Visual Studio 14
Project("{8BC9CEB8-8B4A-11D0-8D11-00A0C91BC942}") = "ALL_BUILD", "ALL_BUILD.vcxproj", "{A116470E-7A60-35E9-8CA4-8D38F6880B9A}"
	ProjectSection(ProjectDependencies) = postProject
		{5B72EECC-9C9F-33BF-B54E-2D1B90056F26} = {5B72EECC-9C9F-33BF-B54E-2D1B90056F26}
		{92BF220F-C07E-308D-BC74-111A806BD3B2} = {92BF220F-C07E-308D-BC74-111A806BD3B2}
		{BC0EE014-ED1E-3400-99ED-F922178EE71E} = {BC0EE014-ED1E-3400-99ED-F922178EE71E}
		{DB23072E-A040-3CA7-9204-B34EE5C54097} = {DB23072E-A040-3CA7-9204-B34EE5C54097}
		{F6795992-CEBA-38CB-94CF-32A967B1F2A8} = {F6795992-CEBA-38CB-94CF-32A967B1F2A8}
		{A50CA9D5-BD53-3896-B642-CDAD29115FF7} = {A50CA9D5-BD53-3896-B642-CDAD29115FF7}
		{AFA8CDCF-7415-35B8-BAD6-2CEFE8F08767} = {AFA8CDCF-7415-35B8-BAD6-2CEFE8F08767}
		{1DB1358A-2568-3DA8-8697-FE9410B32539} = {1DB1358A-2568-3DA8-8697-FE9410B32539}
	EndProjectSection
EndProject
Project("{8BC9CEB8-8B4A-11D0-8D11-00A0C91BC942}") = "CECloud", "src\applications\main\CECloud.vcxproj", "{5B72EECC-9C9F-33BF-B54E-2D1B90056F26}"
	ProjectSection(ProjectDependencies) = postProject
		{92BF220F-C07E-308D-BC74-111A806BD3B2} = {92BF220F-C07E-308D-BC74-111A806BD3B2}
		{BC0EE014-ED1E-3400-99ED-F922178EE71E} = {BC0EE014-ED1E-3400-99ED-F922178EE71E}
		{DB23072E-A040-3CA7-9204-B34EE5C54097} = {DB23072E-A040-3CA7-9204-B34EE5C54097}
		{F6795992-CEBA-38CB-94CF-32A967B1F2A8} = {F6795992-CEBA-38CB-94CF-32A967B1F2A8}
		{A50CA9D5-BD53-3896-B642-CDAD29115FF7} = {A50CA9D5-BD53-3896-B642-CDAD29115FF7}
		{AFA8CDCF-7415-35B8-BAD6-2CEFE8F08767} = {AFA8CDCF-7415-35B8-BAD6-2CEFE8F08767}
	EndProjectSection
EndProject
Project("{8BC9CEB8-8B4A-11D0-8D11-00A0C91BC942}") = "ZERO_CHECK", "ZERO_CHECK.vcxproj", "{92BF220F-C07E-308D-BC74-111A806BD3B2}"
	ProjectSection(ProjectDependencies) = postProject
	EndProjectSection
EndProject
Project("{8BC9CEB8-8B4A-11D0-8D11-00A0C91BC942}") = "item", "src\applications\item\item.vcxproj", "{BC0EE014-ED1E-3400-99ED-F922178EE71E}"
	ProjectSection(ProjectDependencies) = postProject
		{92BF220F-C07E-308D-BC74-111A806BD3B2} = {92BF220F-C07E-308D-BC74-111A806BD3B2}
		{DB23072E-A040-3CA7-9204-B34EE5C54097} = {DB23072E-A040-3CA7-9204-B34EE5C54097}
		{AFA8CDCF-7415-35B8-BAD6-2CEFE8F08767} = {AFA8CDCF-7415-35B8-BAD6-2CEFE8F08767}
	EndProjectSection
EndProject
Project("{8BC9CEB8-8B4A-11D0-8D11-00A0C91BC942}") = "model", "src\applications\model\model.vcxproj", "{DB23072E-A040-3CA7-9204-B34EE5C54097}"
	ProjectSection(ProjectDependencies) = postProject
		{92BF220F-C07E-308D-BC74-111A806BD3B2} = {92BF220F-C07E-308D-BC74-111A806BD3B2}
		{AFA8CDCF-7415-35B8-BAD6-2CEFE8F08767} = {AFA8CDCF-7415-35B8-BAD6-2CEFE8F08767}
	EndProjectSection
EndProject
Project("{8BC9CEB8-8B4A-11D0-8D11-00A0C91BC942}") = "presenter", "src\applications\presenter\presenter.vcxproj", "{F6795992-CEBA-38CB-94CF-32A967B1F2A8}"
	ProjectSection(ProjectDependencies) = postProject
		{92BF220F-C07E-308D-BC74-111A806BD3B2} = {92BF220F-C07E-308D-BC74-111A806BD3B2}
		{BC0EE014-ED1E-3400-99ED-F922178EE71E} = {BC0EE014-ED1E-3400-99ED-F922178EE71E}
		{DB23072E-A040-3CA7-9204-B34EE5C54097} = {DB23072E-A040-3CA7-9204-B34EE5C54097}
		{AFA8CDCF-7415-35B8-BAD6-2CEFE8F08767} = {AFA8CDCF-7415-35B8-BAD6-2CEFE8F08767}
	EndProjectSection
EndProject
Project("{8BC9CEB8-8B4A-11D0-8D11-00A0C91BC942}") = "qtView", "src\applications\qtView\qtView.vcxproj", "{A50CA9D5-BD53-3896-B642-CDAD29115FF7}"
	ProjectSection(ProjectDependencies) = postProject
		{92BF220F-C07E-308D-BC74-111A806BD3B2} = {92BF220F-C07E-308D-BC74-111A806BD3B2}
		{BC0EE014-ED1E-3400-99ED-F922178EE71E} = {BC0EE014-ED1E-3400-99ED-F922178EE71E}
		{DB23072E-A040-3CA7-9204-B34EE5C54097} = {DB23072E-A040-3CA7-9204-B34EE5C54097}
		{F6795992-CEBA-38CB-94CF-32A967B1F2A8} = {F6795992-CEBA-38CB-94CF-32A967B1F2A8}
		{AFA8CDCF-7415-35B8-BAD6-2CEFE8F08767} = {AFA8CDCF-7415-35B8-BAD6-2CEFE8F08767}
	EndProjectSection
EndProject
Project("{8BC9CEB8-8B4A-11D0-8D11-00A0C91BC942}") = "utilities", "src\applications\utilities\utilities.vcxproj", "{AFA8CDCF-7415-35B8-BAD6-2CEFE8F08767}"
	ProjectSection(ProjectDependencies) = postProject
		{92BF220F-C07E-308D-BC74-111A806BD3B2} = {92BF220F-C07E-308D-BC74-111A806BD3B2}
	EndProjectSection
EndProject
Project("{8BC9CEB8-8B4A-11D0-8D11-00A0C91BC942}") = "utilitiesTest", "src\applications\utilities\testSuite\utilitiesTest.vcxproj", "{1DB1358A-2568-3DA8-8697-FE9410B32539}"
	ProjectSection(ProjectDependencies) = postProject
		{92BF220F-C07E-308D-BC74-111A806BD3B2} = {92BF220F-C07E-308D-BC74-111A806BD3B2}
		{AFA8CDCF-7415-35B8-BAD6-2CEFE8F08767} = {AFA8CDCF-7415-35B8-BAD6-2CEFE8F08767}
	EndProjectSection
EndProject
Global
	GlobalSection(SolutionConfigurationPlatforms) = preSolution
		Debug|x64 = Debug|x64
		Release|x64 = Release|x64
		MinSizeRel|x64 = MinSizeRel|x64
		RelWithDebInfo|x64 = RelWithDebInfo|x64
	EndGlobalSection
	GlobalSection(ProjectConfigurationPlatforms) = postSolution
		{A116470E-7A60-35E9-8CA4-8D38F6880B9A}.Debug|x64.ActiveCfg = Debug|x64
		{A116470E-7A60-35E9-8CA4-8D38F6880B9A}.Release|x64.ActiveCfg = Release|x64
		{A116470E-7A60-35E9-8CA4-8D38F6880B9A}.MinSizeRel|x64.ActiveCfg = MinSizeRel|x64
		{A116470E-7A60-35E9-8CA4-8D38F6880B9A}.RelWithDebInfo|x64.ActiveCfg = RelWithDebInfo|x64
		{5B72EECC-9C9F-33BF-B54E-2D1B90056F26}.Debug|x64.ActiveCfg = Debug|x64
		{5B72EECC-9C9F-33BF-B54E-2D1B90056F26}.Debug|x64.Build.0 = Debug|x64
		{5B72EECC-9C9F-33BF-B54E-2D1B90056F26}.Release|x64.ActiveCfg = Release|x64
		{5B72EECC-9C9F-33BF-B54E-2D1B90056F26}.Release|x64.Build.0 = Release|x64
		{5B72EECC-9C9F-33BF-B54E-2D1B90056F26}.MinSizeRel|x64.ActiveCfg = MinSizeRel|x64
		{5B72EECC-9C9F-33BF-B54E-2D1B90056F26}.MinSizeRel|x64.Build.0 = MinSizeRel|x64
		{5B72EECC-9C9F-33BF-B54E-2D1B90056F26}.RelWithDebInfo|x64.ActiveCfg = RelWithDebInfo|x64
		{5B72EECC-9C9F-33BF-B54E-2D1B90056F26}.RelWithDebInfo|x64.Build.0 = RelWithDebInfo|x64
		{92BF220F-C07E-308D-BC74-111A806BD3B2}.Debug|x64.ActiveCfg = Debug|x64
		{92BF220F-C07E-308D-BC74-111A806BD3B2}.Debug|x64.Build.0 = Debug|x64
		{92BF220F-C07E-308D-BC74-111A806BD3B2}.Release|x64.ActiveCfg = Release|x64
		{92BF220F-C07E-308D-BC74-111A806BD3B2}.Release|x64.Build.0 = Release|x64
		{92BF220F-C07E-308D-BC74-111A806BD3B2}.MinSizeRel|x64.ActiveCfg = MinSizeRel|x64
		{92BF220F-C07E-308D-BC74-111A806BD3B2}.MinSizeRel|x64.Build.0 = MinSizeRel|x64
		{92BF220F-C07E-308D-BC74-111A806BD3B2}.RelWithDebInfo|x64.ActiveCfg = RelWithDebInfo|x64
		{92BF220F-C07E-308D-BC74-111A806BD3B2}.RelWithDebInfo|x64.Build.0 = RelWithDebInfo|x64
		{BC0EE014-ED1E-3400-99ED-F922178EE71E}.Debug|x64.ActiveCfg = Debug|x64
		{BC0EE014-ED1E-3400-99ED-F922178EE71E}.Debug|x64.Build.0 = Debug|x64
		{BC0EE014-ED1E-3400-99ED-F922178EE71E}.Release|x64.ActiveCfg = Release|x64
		{BC0EE014-ED1E-3400-99ED-F922178EE71E}.Release|x64.Build.0 = Release|x64
		{BC0EE014-ED1E-3400-99ED-F922178EE71E}.MinSizeRel|x64.ActiveCfg = MinSizeRel|x64
		{BC0EE014-ED1E-3400-99ED-F922178EE71E}.MinSizeRel|x64.Build.0 = MinSizeRel|x64
		{BC0EE014-ED1E-3400-99ED-F922178EE71E}.RelWithDebInfo|x64.ActiveCfg = RelWithDebInfo|x64
		{BC0EE014-ED1E-3400-99ED-F922178EE71E}.RelWithDebInfo|x64.Build.0 = RelWithDebInfo|x64
		{DB23072E-A040-3CA7-9204-B34EE5C54097}.Debug|x64.ActiveCfg = Debug|x64
		{DB23072E-A040-3CA7-9204-B34EE5C54097}.Debug|x64.Build.0 = Debug|x64
		{DB23072E-A040-3CA7-9204-B34EE5C54097}.Release|x64.ActiveCfg = Release|x64
		{DB23072E-A040-3CA7-9204-B34EE5C54097}.Release|x64.Build.0 = Release|x64
		{DB23072E-A040-3CA7-9204-B34EE5C54097}.MinSizeRel|x64.ActiveCfg = MinSizeRel|x64
		{DB23072E-A040-3CA7-9204-B34EE5C54097}.MinSizeRel|x64.Build.0 = MinSizeRel|x64
		{DB23072E-A040-3CA7-9204-B34EE5C54097}.RelWithDebInfo|x64.ActiveCfg = RelWithDebInfo|x64
		{DB23072E-A040-3CA7-9204-B34EE5C54097}.RelWithDebInfo|x64.Build.0 = RelWithDebInfo|x64
		{F6795992-CEBA-38CB-94CF-32A967B1F2A8}.Debug|x64.ActiveCfg = Debug|x64
		{F6795992-CEBA-38CB-94CF-32A967B1F2A8}.Debug|x64.Build.0 = Debug|x64
		{F6795992-CEBA-38CB-94CF-32A967B1F2A8}.Release|x64.ActiveCfg = Release|x64
		{F6795992-CEBA-38CB-94CF-32A967B1F2A8}.Release|x64.Build.0 = Release|x64
		{F6795992-CEBA-38CB-94CF-32A967B1F2A8}.MinSizeRel|x64.ActiveCfg = MinSizeRel|x64
		{F6795992-CEBA-38CB-94CF-32A967B1F2A8}.MinSizeRel|x64.Build.0 = MinSizeRel|x64
		{F6795992-CEBA-38CB-94CF-32A967B1F2A8}.RelWithDebInfo|x64.ActiveCfg = RelWithDebInfo|x64
		{F6795992-CEBA-38CB-94CF-32A967B1F2A8}.RelWithDebInfo|x64.Build.0 = RelWithDebInfo|x64
		{A50CA9D5-BD53-3896-B642-CDAD29115FF7}.Debug|x64.ActiveCfg = Debug|x64
		{A50CA9D5-BD53-3896-B642-CDAD29115FF7}.Debug|x64.Build.0 = Debug|x64
		{A50CA9D5-BD53-3896-B642-CDAD29115FF7}.Release|x64.ActiveCfg = Release|x64
		{A50CA9D5-BD53-3896-B642-CDAD29115FF7}.Release|x64.Build.0 = Release|x64
		{A50CA9D5-BD53-3896-B642-CDAD29115FF7}.MinSizeRel|x64.ActiveCfg = MinSizeRel|x64
		{A50CA9D5-BD53-3896-B642-CDAD29115FF7}.MinSizeRel|x64.Build.0 = MinSizeRel|x64
		{A50CA9D5-BD53-3896-B642-CDAD29115FF7}.RelWithDebInfo|x64.ActiveCfg = RelWithDebInfo|x64
		{A50CA9D5-BD53-3896-B642-CDAD29115FF7}.RelWithDebInfo|x64.Build.0 = RelWithDebInfo|x64
		{AFA8CDCF-7415-35B8-BAD6-2CEFE8F08767}.Debug|x64.ActiveCfg = Debug|x64
		{AFA8CDCF-7415-35B8-BAD6-2CEFE8F08767}.Debug|x64.Build.0 = Debug|x64
		{AFA8CDCF-7415-35B8-BAD6-2CEFE8F08767}.Release|x64.ActiveCfg = Release|x64
		{AFA8CDCF-7415-35B8-BAD6-2CEFE8F08767}.Release|x64.Build.0 = Release|x64
		{AFA8CDCF-7415-35B8-BAD6-2CEFE8F08767}.MinSizeRel|x64.ActiveCfg = MinSizeRel|x64
		{AFA8CDCF-7415-35B8-BAD6-2CEFE8F08767}.MinSizeRel|x64.Build.0 = MinSizeRel|x64
		{AFA8CDCF-7415-35B8-BAD6-2CEFE8F08767}.RelWithDebInfo|x64.ActiveCfg = RelWithDebInfo|x64
		{AFA8CDCF-7415-35B8-BAD6-2CEFE8F08767}.RelWithDebInfo|x64.Build.0 = RelWithDebInfo|x64
		{1DB1358A-2568-3DA8-8697-FE9410B32539}.Debug|x64.ActiveCfg = Debug|x64
		{1DB1358A-2568-3DA8-8697-FE9410B32539}.Debug|x64.Build.0 = Debug|x64
		{1DB1358A-2568-3DA8-8697-FE9410B32539}.Release|x64.ActiveCfg = Release|x64
		{1DB1358A-2568-3DA8-8697-FE9410B32539}.Release|x64.Build.0 = Release|x64
		{1DB1358A-2568-3DA8-8697-FE9410B32539}.MinSizeRel|x64.ActiveCfg = MinSizeRel|x64
		{1DB1358A-2568-3DA8-8697-FE9410B32539}.MinSizeRel|x64.Build.0 = MinSizeRel|x64
		{1DB1358A-2568-3DA8-8697-FE9410B32539}.RelWithDebInfo|x64.ActiveCfg = RelWithDebInfo|x64
		{1DB1358A-2568-3DA8-8697-FE9410B32539}.RelWithDebInfo|x64.Build.0 = RelWithDebInfo|x64
	EndGlobalSection
	GlobalSection(ExtensibilityGlobals) = postSolution
	EndGlobalSection
	GlobalSection(ExtensibilityAddIns) = postSolution
	EndGlobalSection
EndGlobal
